// !$*UTF8*$!
{
	archiveVersion = 1;
	classes = {
	};
	objectVersion = 55;
	objects = {

/* Begin PBXBuildFile section */
		15910F69CBC1AA2CFE1DB0A0 /* Pods_ios_myinsta.framework in Frameworks */ = {isa = PBXBuildFile; fileRef = F44C63F6BC3DC8BBCC49B8ED /* Pods_ios_myinsta.framework */; };
		760FDCAF283377F300CD2CA6 /* FeedViewModel.swift in Sources */ = {isa = PBXBuildFile; fileRef = 760FDCAE283377F300CD2CA6 /* FeedViewModel.swift */; };
		760FDCB1283378A100CD2CA6 /* Post.swift in Sources */ = {isa = PBXBuildFile; fileRef = 760FDCB0283378A100CD2CA6 /* Post.swift */; };
		760FDCB428337AA300CD2CA6 /* PostCell.swift in Sources */ = {isa = PBXBuildFile; fileRef = 760FDCB328337AA300CD2CA6 /* PostCell.swift */; };
		760FDCB62833846F00CD2CA6 /* LikesViewModel.swift in Sources */ = {isa = PBXBuildFile; fileRef = 760FDCB52833846F00CD2CA6 /* LikesViewModel.swift */; };
		761B00FC283BE77B00532A38 /* GoogleService-Info.plist in Resources */ = {isa = PBXBuildFile; fileRef = 761B00FB283BE77B00532A38 /* GoogleService-Info.plist */; };
		763207E22869E49A0077BDCF /* SignInViewModel.swift in Sources */ = {isa = PBXBuildFile; fileRef = 763207E12869E49A0077BDCF /* SignInViewModel.swift */; };
		763207E42869E7CB0077BDCF /* SignUpViewModel.swift in Sources */ = {isa = PBXBuildFile; fileRef = 763207E32869E7CB0077BDCF /* SignUpViewModel.swift */; };
		763547EB282A2A950007BA52 /* ios_myinstaApp.swift in Sources */ = {isa = PBXBuildFile; fileRef = 763547EA282A2A950007BA52 /* ios_myinstaApp.swift */; };
		763547EF282A2A960007BA52 /* Assets.xcassets in Resources */ = {isa = PBXBuildFile; fileRef = 763547EE282A2A960007BA52 /* Assets.xcassets */; };
		763547F2282A2A960007BA52 /* Preview Assets.xcassets in Resources */ = {isa = PBXBuildFile; fileRef = 763547F1282A2A960007BA52 /* Preview Assets.xcassets */; };
		763547F4282A2A960007BA52 /* Persistence.swift in Sources */ = {isa = PBXBuildFile; fileRef = 763547F3282A2A960007BA52 /* Persistence.swift */; };
		763547F7282A2A960007BA52 /* ios_myinsta.xcdatamodeld in Sources */ = {isa = PBXBuildFile; fileRef = 763547F5282A2A960007BA52 /* ios_myinsta.xcdatamodeld */; };
		76354801282A2A960007BA52 /* ios_myinstaTests.swift in Sources */ = {isa = PBXBuildFile; fileRef = 76354800282A2A960007BA52 /* ios_myinstaTests.swift */; };
		7635480B282A2A960007BA52 /* ios_myinstaUITests.swift in Sources */ = {isa = PBXBuildFile; fileRef = 7635480A282A2A960007BA52 /* ios_myinstaUITests.swift */; };
		7635480D282A2A960007BA52 /* ios_myinstaUITestsLaunchTests.swift in Sources */ = {isa = PBXBuildFile; fileRef = 7635480C282A2A960007BA52 /* ios_myinstaUITestsLaunchTests.swift */; };
		7635481C282A2AC80007BA52 /* Utils.swift in Sources */ = {isa = PBXBuildFile; fileRef = 7635481B282A2AC80007BA52 /* Utils.swift */; };
		7635481F282A2AFE0007BA52 /* SignInScreen.swift in Sources */ = {isa = PBXBuildFile; fileRef = 7635481E282A2AFE0007BA52 /* SignInScreen.swift */; };
		76354821282A2B0C0007BA52 /* SignUpScreen.swift in Sources */ = {isa = PBXBuildFile; fileRef = 76354820282A2B0C0007BA52 /* SignUpScreen.swift */; };
		76354823282A2B1B0007BA52 /* StarterScreen.swift in Sources */ = {isa = PBXBuildFile; fileRef = 76354822282A2B1B0007BA52 /* StarterScreen.swift */; };
		765992B12830DD8300F78570 /* HomeScreen.swift in Sources */ = {isa = PBXBuildFile; fileRef = 765992B02830DD8300F78570 /* HomeScreen.swift */; };
		765992B32830DD9600F78570 /* HomeFeedScreen.swift in Sources */ = {isa = PBXBuildFile; fileRef = 765992B22830DD9600F78570 /* HomeFeedScreen.swift */; };
		765992B52830DDA400F78570 /* HomeSearchScreen.swift in Sources */ = {isa = PBXBuildFile; fileRef = 765992B42830DDA400F78570 /* HomeSearchScreen.swift */; };
		765992B72830DDB500F78570 /* HomeUploadScreen.swift in Sources */ = {isa = PBXBuildFile; fileRef = 765992B62830DDB500F78570 /* HomeUploadScreen.swift */; };
		765992B92830DDC500F78570 /* HomeLikesScreen.swift in Sources */ = {isa = PBXBuildFile; fileRef = 765992B82830DDC500F78570 /* HomeLikesScreen.swift */; };
		765992BB2830DDD500F78570 /* HomeProfileScreen.swift in Sources */ = {isa = PBXBuildFile; fileRef = 765992BA2830DDD500F78570 /* HomeProfileScreen.swift */; };
		765992BE2830E31400F78570 /* SessionStore.swift in Sources */ = {isa = PBXBuildFile; fileRef = 765992BD2830E31400F78570 /* SessionStore.swift */; };
		765992C12830E3C900F78570 /* User.swift in Sources */ = {isa = PBXBuildFile; fileRef = 765992C02830E3C900F78570 /* User.swift */; };
		765992C32830F9E200F78570 /* Coordinator.swift in Sources */ = {isa = PBXBuildFile; fileRef = 765992C22830F9E200F78570 /* Coordinator.swift */; };
		765992C52830F9F600F78570 /* ImagePickerView.swift in Sources */ = {isa = PBXBuildFile; fileRef = 765992C42830F9F600F78570 /* ImagePickerView.swift */; };
		76792EF6282D28DA0070FD6E /* Localizable.strings in Resources */ = {isa = PBXBuildFile; fileRef = 76792EF8282D28DA0070FD6E /* Localizable.strings */; };
		76792EFB282D29590070FD6E /* Billabong.ttf in Resources */ = {isa = PBXBuildFile; fileRef = 76792EFA282D293C0070FD6E /* Billabong.ttf */; };
		76816BAC28397E2D00F18A65 /* MyPostCell.swift in Sources */ = {isa = PBXBuildFile; fileRef = 76816BAB28397E2D00F18A65 /* MyPostCell.swift */; };
		7688B98B2870C29F008416DA /* DatabaseStore.swift in Sources */ = {isa = PBXBuildFile; fileRef = 7688B98A2870C29F008416DA /* DatabaseStore.swift */; };
		7688B98D2870D4C5008416DA /* StorageStore.swift in Sources */ = {isa = PBXBuildFile; fileRef = 7688B98C2870D4C5008416DA /* StorageStore.swift */; };
		7694D882286C9BA700C1D77B /* Validation.swift in Sources */ = {isa = PBXBuildFile; fileRef = 7694D881286C9BA700C1D77B /* Validation.swift */; };
		76FC0AF32838D02700C5AA2D /* SeachViewModel.swift in Sources */ = {isa = PBXBuildFile; fileRef = 76FC0AF22838D02700C5AA2D /* SeachViewModel.swift */; };
		76FC0AF52838D51C00C5AA2D /* UserCell.swift in Sources */ = {isa = PBXBuildFile; fileRef = 76FC0AF42838D51C00C5AA2D /* UserCell.swift */; };
		76FC0AF728397ACF00C5AA2D /* ProfileViewModel.swift in Sources */ = {isa = PBXBuildFile; fileRef = 76FC0AF628397ACF00C5AA2D /* ProfileViewModel.swift */; };
		99C1BA1CB472DC3C2459DD54 /* Pods_ios_myinstaTests.framework in Frameworks */ = {isa = PBXBuildFile; fileRef = 6E25D853D4FEB6659639253A /* Pods_ios_myinstaTests.framework */; };
		E37C83176DDCE03D5D89900E /* Pods_ios_myinsta_ios_myinstaUITests.framework in Frameworks */ = {isa = PBXBuildFile; fileRef = AE2C67F730AA15B8855BBDB7 /* Pods_ios_myinsta_ios_myinstaUITests.framework */; };
/* End PBXBuildFile section */

/* Begin PBXContainerItemProxy section */
		763547FD282A2A960007BA52 /* PBXContainerItemProxy */ = {
			isa = PBXContainerItemProxy;
			containerPortal = 763547DF282A2A950007BA52 /* Project object */;
			proxyType = 1;
			remoteGlobalIDString = 763547E6282A2A950007BA52;
			remoteInfo = ios_myinsta;
		};
		76354807282A2A960007BA52 /* PBXContainerItemProxy */ = {
			isa = PBXContainerItemProxy;
			containerPortal = 763547DF282A2A950007BA52 /* Project object */;
			proxyType = 1;
			remoteGlobalIDString = 763547E6282A2A950007BA52;
			remoteInfo = ios_myinsta;
		};
/* End PBXContainerItemProxy section */

/* Begin PBXFileReference section */
		27FE3F9E38FD0F059CFADE9F /* Pods-ios_myinsta.debug.xcconfig */ = {isa = PBXFileReference; includeInIndex = 1; lastKnownFileType = text.xcconfig; name = "Pods-ios_myinsta.debug.xcconfig"; path = "Target Support Files/Pods-ios_myinsta/Pods-ios_myinsta.debug.xcconfig"; sourceTree = "<group>"; };
		6E25D853D4FEB6659639253A /* Pods_ios_myinstaTests.framework */ = {isa = PBXFileReference; explicitFileType = wrapper.framework; includeInIndex = 0; path = Pods_ios_myinstaTests.framework; sourceTree = BUILT_PRODUCTS_DIR; };
		760FDCAE283377F300CD2CA6 /* FeedViewModel.swift */ = {isa = PBXFileReference; lastKnownFileType = sourcecode.swift; path = FeedViewModel.swift; sourceTree = "<group>"; };
		760FDCB0283378A100CD2CA6 /* Post.swift */ = {isa = PBXFileReference; lastKnownFileType = sourcecode.swift; path = Post.swift; sourceTree = "<group>"; };
		760FDCB328337AA300CD2CA6 /* PostCell.swift */ = {isa = PBXFileReference; lastKnownFileType = sourcecode.swift; path = PostCell.swift; sourceTree = "<group>"; };
		760FDCB52833846F00CD2CA6 /* LikesViewModel.swift */ = {isa = PBXFileReference; lastKnownFileType = sourcecode.swift; path = LikesViewModel.swift; sourceTree = "<group>"; };
		761B00FB283BE77B00532A38 /* GoogleService-Info.plist */ = {isa = PBXFileReference; fileEncoding = 4; lastKnownFileType = text.plist.xml; path = "GoogleService-Info.plist"; sourceTree = "<group>"; };
		763207E12869E49A0077BDCF /* SignInViewModel.swift */ = {isa = PBXFileReference; lastKnownFileType = sourcecode.swift; path = SignInViewModel.swift; sourceTree = "<group>"; };
		763207E32869E7CB0077BDCF /* SignUpViewModel.swift */ = {isa = PBXFileReference; lastKnownFileType = sourcecode.swift; path = SignUpViewModel.swift; sourceTree = "<group>"; };
		763547E7282A2A950007BA52 /* Instagram Clone.app */ = {isa = PBXFileReference; explicitFileType = wrapper.application; includeInIndex = 0; path = "Instagram Clone.app"; sourceTree = BUILT_PRODUCTS_DIR; };
		763547EA282A2A950007BA52 /* ios_myinstaApp.swift */ = {isa = PBXFileReference; lastKnownFileType = sourcecode.swift; path = ios_myinstaApp.swift; sourceTree = "<group>"; };
		763547EE282A2A960007BA52 /* Assets.xcassets */ = {isa = PBXFileReference; lastKnownFileType = folder.assetcatalog; path = Assets.xcassets; sourceTree = "<group>"; };
		763547F1282A2A960007BA52 /* Preview Assets.xcassets */ = {isa = PBXFileReference; lastKnownFileType = folder.assetcatalog; path = "Preview Assets.xcassets"; sourceTree = "<group>"; };
		763547F3282A2A960007BA52 /* Persistence.swift */ = {isa = PBXFileReference; lastKnownFileType = sourcecode.swift; path = Persistence.swift; sourceTree = "<group>"; };
		763547F6282A2A960007BA52 /* ios_myinsta.xcdatamodel */ = {isa = PBXFileReference; lastKnownFileType = wrapper.xcdatamodel; path = ios_myinsta.xcdatamodel; sourceTree = "<group>"; };
		763547FC282A2A960007BA52 /* ios_myinstaTests.xctest */ = {isa = PBXFileReference; explicitFileType = wrapper.cfbundle; includeInIndex = 0; path = ios_myinstaTests.xctest; sourceTree = BUILT_PRODUCTS_DIR; };
		76354800282A2A960007BA52 /* ios_myinstaTests.swift */ = {isa = PBXFileReference; lastKnownFileType = sourcecode.swift; path = ios_myinstaTests.swift; sourceTree = "<group>"; };
		76354806282A2A960007BA52 /* ios_myinstaUITests.xctest */ = {isa = PBXFileReference; explicitFileType = wrapper.cfbundle; includeInIndex = 0; path = ios_myinstaUITests.xctest; sourceTree = BUILT_PRODUCTS_DIR; };
		7635480A282A2A960007BA52 /* ios_myinstaUITests.swift */ = {isa = PBXFileReference; lastKnownFileType = sourcecode.swift; path = ios_myinstaUITests.swift; sourceTree = "<group>"; };
		7635480C282A2A960007BA52 /* ios_myinstaUITestsLaunchTests.swift */ = {isa = PBXFileReference; lastKnownFileType = sourcecode.swift; path = ios_myinstaUITestsLaunchTests.swift; sourceTree = "<group>"; };
		7635481B282A2AC80007BA52 /* Utils.swift */ = {isa = PBXFileReference; lastKnownFileType = sourcecode.swift; path = Utils.swift; sourceTree = "<group>"; };
		7635481E282A2AFE0007BA52 /* SignInScreen.swift */ = {isa = PBXFileReference; lastKnownFileType = sourcecode.swift; path = SignInScreen.swift; sourceTree = "<group>"; };
		76354820282A2B0C0007BA52 /* SignUpScreen.swift */ = {isa = PBXFileReference; lastKnownFileType = sourcecode.swift; path = SignUpScreen.swift; sourceTree = "<group>"; };
		76354822282A2B1B0007BA52 /* StarterScreen.swift */ = {isa = PBXFileReference; lastKnownFileType = sourcecode.swift; path = StarterScreen.swift; sourceTree = "<group>"; };
		765992B02830DD8300F78570 /* HomeScreen.swift */ = {isa = PBXFileReference; lastKnownFileType = sourcecode.swift; path = HomeScreen.swift; sourceTree = "<group>"; };
		765992B22830DD9600F78570 /* HomeFeedScreen.swift */ = {isa = PBXFileReference; lastKnownFileType = sourcecode.swift; path = HomeFeedScreen.swift; sourceTree = "<group>"; };
		765992B42830DDA400F78570 /* HomeSearchScreen.swift */ = {isa = PBXFileReference; lastKnownFileType = sourcecode.swift; path = HomeSearchScreen.swift; sourceTree = "<group>"; };
		765992B62830DDB500F78570 /* HomeUploadScreen.swift */ = {isa = PBXFileReference; lastKnownFileType = sourcecode.swift; path = HomeUploadScreen.swift; sourceTree = "<group>"; };
		765992B82830DDC500F78570 /* HomeLikesScreen.swift */ = {isa = PBXFileReference; lastKnownFileType = sourcecode.swift; path = HomeLikesScreen.swift; sourceTree = "<group>"; };
		765992BA2830DDD500F78570 /* HomeProfileScreen.swift */ = {isa = PBXFileReference; lastKnownFileType = sourcecode.swift; path = HomeProfileScreen.swift; sourceTree = "<group>"; };
		765992BD2830E31400F78570 /* SessionStore.swift */ = {isa = PBXFileReference; lastKnownFileType = sourcecode.swift; path = SessionStore.swift; sourceTree = "<group>"; };
		765992C02830E3C900F78570 /* User.swift */ = {isa = PBXFileReference; lastKnownFileType = sourcecode.swift; path = User.swift; sourceTree = "<group>"; };
		765992C22830F9E200F78570 /* Coordinator.swift */ = {isa = PBXFileReference; lastKnownFileType = sourcecode.swift; path = Coordinator.swift; sourceTree = "<group>"; };
		765992C42830F9F600F78570 /* ImagePickerView.swift */ = {isa = PBXFileReference; lastKnownFileType = sourcecode.swift; path = ImagePickerView.swift; sourceTree = "<group>"; };
		766DDC35283371BB001A4681 /* en */ = {isa = PBXFileReference; lastKnownFileType = text.plist.strings; name = en; path = en.lproj/Localizable.strings; sourceTree = "<group>"; };
		76792EF9282D28DC0070FD6E /* ru */ = {isa = PBXFileReference; lastKnownFileType = text.plist.strings; name = ru; path = ru.lproj/Localizable.strings; sourceTree = "<group>"; };
		76792EFA282D293C0070FD6E /* Billabong.ttf */ = {isa = PBXFileReference; lastKnownFileType = file; path = Billabong.ttf; sourceTree = "<group>"; };
		76792EFC282D29840070FD6E /* ios-myinsta-Info.plist */ = {isa = PBXFileReference; lastKnownFileType = text.plist; path = "ios-myinsta-Info.plist"; sourceTree = SOURCE_ROOT; };
		76816BAB28397E2D00F18A65 /* MyPostCell.swift */ = {isa = PBXFileReference; lastKnownFileType = sourcecode.swift; path = MyPostCell.swift; sourceTree = "<group>"; };
		7688B98A2870C29F008416DA /* DatabaseStore.swift */ = {isa = PBXFileReference; lastKnownFileType = sourcecode.swift; path = DatabaseStore.swift; sourceTree = "<group>"; };
		7688B98C2870D4C5008416DA /* StorageStore.swift */ = {isa = PBXFileReference; lastKnownFileType = sourcecode.swift; path = StorageStore.swift; sourceTree = "<group>"; };
		7694D881286C9BA700C1D77B /* Validation.swift */ = {isa = PBXFileReference; lastKnownFileType = sourcecode.swift; path = Validation.swift; sourceTree = "<group>"; };
		76FC0AF22838D02700C5AA2D /* SeachViewModel.swift */ = {isa = PBXFileReference; lastKnownFileType = sourcecode.swift; path = SeachViewModel.swift; sourceTree = "<group>"; };
		76FC0AF42838D51C00C5AA2D /* UserCell.swift */ = {isa = PBXFileReference; lastKnownFileType = sourcecode.swift; path = UserCell.swift; sourceTree = "<group>"; };
		76FC0AF628397ACF00C5AA2D /* ProfileViewModel.swift */ = {isa = PBXFileReference; lastKnownFileType = sourcecode.swift; path = ProfileViewModel.swift; sourceTree = "<group>"; };
		7DEB38BF93C57D2E674647B4 /* Pods-ios_myinsta-ios_myinstaUITests.debug.xcconfig */ = {isa = PBXFileReference; includeInIndex = 1; lastKnownFileType = text.xcconfig; name = "Pods-ios_myinsta-ios_myinstaUITests.debug.xcconfig"; path = "Target Support Files/Pods-ios_myinsta-ios_myinstaUITests/Pods-ios_myinsta-ios_myinstaUITests.debug.xcconfig"; sourceTree = "<group>"; };
		7F84EF4C509810E1DC038847 /* Pods-ios_myinsta.release.xcconfig */ = {isa = PBXFileReference; includeInIndex = 1; lastKnownFileType = text.xcconfig; name = "Pods-ios_myinsta.release.xcconfig"; path = "Target Support Files/Pods-ios_myinsta/Pods-ios_myinsta.release.xcconfig"; sourceTree = "<group>"; };
		9B37C232B00673B55B2ED08D /* Pods-ios_myinstaTests.debug.xcconfig */ = {isa = PBXFileReference; includeInIndex = 1; lastKnownFileType = text.xcconfig; name = "Pods-ios_myinstaTests.debug.xcconfig"; path = "Target Support Files/Pods-ios_myinstaTests/Pods-ios_myinstaTests.debug.xcconfig"; sourceTree = "<group>"; };
		AE2C67F730AA15B8855BBDB7 /* Pods_ios_myinsta_ios_myinstaUITests.framework */ = {isa = PBXFileReference; explicitFileType = wrapper.framework; includeInIndex = 0; path = Pods_ios_myinsta_ios_myinstaUITests.framework; sourceTree = BUILT_PRODUCTS_DIR; };
		BE705B6301AE92DA290E9E8C /* Pods-ios_myinstaTests.release.xcconfig */ = {isa = PBXFileReference; includeInIndex = 1; lastKnownFileType = text.xcconfig; name = "Pods-ios_myinstaTests.release.xcconfig"; path = "Target Support Files/Pods-ios_myinstaTests/Pods-ios_myinstaTests.release.xcconfig"; sourceTree = "<group>"; };
		E2F3E121C4AD22B02950997F /* Pods-ios_myinsta-ios_myinstaUITests.release.xcconfig */ = {isa = PBXFileReference; includeInIndex = 1; lastKnownFileType = text.xcconfig; name = "Pods-ios_myinsta-ios_myinstaUITests.release.xcconfig"; path = "Target Support Files/Pods-ios_myinsta-ios_myinstaUITests/Pods-ios_myinsta-ios_myinstaUITests.release.xcconfig"; sourceTree = "<group>"; };
		F44C63F6BC3DC8BBCC49B8ED /* Pods_ios_myinsta.framework */ = {isa = PBXFileReference; explicitFileType = wrapper.framework; includeInIndex = 0; path = Pods_ios_myinsta.framework; sourceTree = BUILT_PRODUCTS_DIR; };
/* End PBXFileReference section */

/* Begin PBXFrameworksBuildPhase section */
		763547E4282A2A950007BA52 /* Frameworks */ = {
			isa = PBXFrameworksBuildPhase;
			buildActionMask = 2147483647;
			files = (
				15910F69CBC1AA2CFE1DB0A0 /* Pods_ios_myinsta.framework in Frameworks */,
			);
			runOnlyForDeploymentPostprocessing = 0;
		};
		763547F9282A2A960007BA52 /* Frameworks */ = {
			isa = PBXFrameworksBuildPhase;
			buildActionMask = 2147483647;
			files = (
				99C1BA1CB472DC3C2459DD54 /* Pods_ios_myinstaTests.framework in Frameworks */,
			);
			runOnlyForDeploymentPostprocessing = 0;
		};
		76354803282A2A960007BA52 /* Frameworks */ = {
			isa = PBXFrameworksBuildPhase;
			buildActionMask = 2147483647;
			files = (
				E37C83176DDCE03D5D89900E /* Pods_ios_myinsta_ios_myinstaUITests.framework in Frameworks */,
			);
			runOnlyForDeploymentPostprocessing = 0;
		};
/* End PBXFrameworksBuildPhase section */

/* Begin PBXGroup section */
		109908ED2256B06B3F15DF98 /* Frameworks */ = {
			isa = PBXGroup;
			children = (
				F44C63F6BC3DC8BBCC49B8ED /* Pods_ios_myinsta.framework */,
				AE2C67F730AA15B8855BBDB7 /* Pods_ios_myinsta_ios_myinstaUITests.framework */,
				6E25D853D4FEB6659639253A /* Pods_ios_myinstaTests.framework */,
			);
			name = Frameworks;
			sourceTree = "<group>";
		};
		760FDCAD283377DB00CD2CA6 /* viewmodel */ = {
			isa = PBXGroup;
			children = (
				760FDCAE283377F300CD2CA6 /* FeedViewModel.swift */,
				760FDCB52833846F00CD2CA6 /* LikesViewModel.swift */,
				76FC0AF22838D02700C5AA2D /* SeachViewModel.swift */,
				76FC0AF628397ACF00C5AA2D /* ProfileViewModel.swift */,
				763207E12869E49A0077BDCF /* SignInViewModel.swift */,
				763207E32869E7CB0077BDCF /* SignUpViewModel.swift */,
			);
			path = viewmodel;
			sourceTree = "<group>";
		};
		760FDCB228337A9000CD2CA6 /* cells */ = {
			isa = PBXGroup;
			children = (
				760FDCB328337AA300CD2CA6 /* PostCell.swift */,
				76FC0AF42838D51C00C5AA2D /* UserCell.swift */,
				76816BAB28397E2D00F18A65 /* MyPostCell.swift */,
			);
			path = cells;
			sourceTree = "<group>";
		};
		763547DE282A2A950007BA52 = {
			isa = PBXGroup;
			children = (
				763547E9282A2A950007BA52 /* ios_myinsta */,
				763547FF282A2A960007BA52 /* ios_myinstaTests */,
				76354809282A2A960007BA52 /* ios_myinstaUITests */,
				763547E8282A2A950007BA52 /* Products */,
				D41D2FF448E99CB4C94F8443 /* Pods */,
				109908ED2256B06B3F15DF98 /* Frameworks */,
			);
			sourceTree = "<group>";
		};
		763547E8282A2A950007BA52 /* Products */ = {
			isa = PBXGroup;
			children = (
				763547E7282A2A950007BA52 /* Instagram Clone.app */,
				763547FC282A2A960007BA52 /* ios_myinstaTests.xctest */,
				76354806282A2A960007BA52 /* ios_myinstaUITests.xctest */,
			);
			name = Products;
			sourceTree = "<group>";
		};
		763547E9282A2A950007BA52 /* ios_myinsta */ = {
			isa = PBXGroup;
			children = (
				76792EFC282D29840070FD6E /* ios-myinsta-Info.plist */,
				7635481D282A2ADC0007BA52 /* screens */,
				760FDCB228337A9000CD2CA6 /* cells */,
				760FDCAD283377DB00CD2CA6 /* viewmodel */,
				765992BF2830E3B300F78570 /* model */,
				765992BC2830E2F500F78570 /* services */,
				7635481A282A2ABA0007BA52 /* utils */,
				76354819282A2AB00007BA52 /* apputils */,
				763547EA282A2A950007BA52 /* ios_myinstaApp.swift */,
				763547F3282A2A960007BA52 /* Persistence.swift */,
				761B00FB283BE77B00532A38 /* GoogleService-Info.plist */,
				763547F0282A2A960007BA52 /* Preview Content */,
			);
			path = ios_myinsta;
			sourceTree = "<group>";
		};
		763547F0282A2A960007BA52 /* Preview Content */ = {
			isa = PBXGroup;
			children = (
				763547F1282A2A960007BA52 /* Preview Assets.xcassets */,
			);
			path = "Preview Content";
			sourceTree = "<group>";
		};
		763547FF282A2A960007BA52 /* ios_myinstaTests */ = {
			isa = PBXGroup;
			children = (
				76354800282A2A960007BA52 /* ios_myinstaTests.swift */,
			);
			path = ios_myinstaTests;
			sourceTree = "<group>";
		};
		76354809282A2A960007BA52 /* ios_myinstaUITests */ = {
			isa = PBXGroup;
			children = (
				7635480A282A2A960007BA52 /* ios_myinstaUITests.swift */,
				7635480C282A2A960007BA52 /* ios_myinstaUITestsLaunchTests.swift */,
			);
			path = ios_myinstaUITests;
			sourceTree = "<group>";
		};
		76354819282A2AB00007BA52 /* apputils */ = {
			isa = PBXGroup;
			children = (
				76792EFA282D293C0070FD6E /* Billabong.ttf */,
				763547F5282A2A960007BA52 /* ios_myinsta.xcdatamodeld */,
				763547EE282A2A960007BA52 /* Assets.xcassets */,
				76792EF8282D28DA0070FD6E /* Localizable.strings */,
			);
			path = apputils;
			sourceTree = "<group>";
		};
		7635481A282A2ABA0007BA52 /* utils */ = {
			isa = PBXGroup;
			children = (
				7635481B282A2AC80007BA52 /* Utils.swift */,
				765992C22830F9E200F78570 /* Coordinator.swift */,
				765992C42830F9F600F78570 /* ImagePickerView.swift */,
			);
			path = utils;
			sourceTree = "<group>";
		};
		7635481D282A2ADC0007BA52 /* screens */ = {
			isa = PBXGroup;
			children = (
				7635481E282A2AFE0007BA52 /* SignInScreen.swift */,
				76354820282A2B0C0007BA52 /* SignUpScreen.swift */,
				76354822282A2B1B0007BA52 /* StarterScreen.swift */,
				765992B02830DD8300F78570 /* HomeScreen.swift */,
				765992B42830DDA400F78570 /* HomeSearchScreen.swift */,
				765992B22830DD9600F78570 /* HomeFeedScreen.swift */,
				765992B62830DDB500F78570 /* HomeUploadScreen.swift */,
				765992B82830DDC500F78570 /* HomeLikesScreen.swift */,
				765992BA2830DDD500F78570 /* HomeProfileScreen.swift */,
			);
			path = screens;
			sourceTree = "<group>";
		};
		765992BC2830E2F500F78570 /* services */ = {
			isa = PBXGroup;
			children = (
				765992BD2830E31400F78570 /* SessionStore.swift */,
				7694D881286C9BA700C1D77B /* Validation.swift */,
				7688B98A2870C29F008416DA /* DatabaseStore.swift */,
				7688B98C2870D4C5008416DA /* StorageStore.swift */,
			);
			path = services;
			sourceTree = "<group>";
		};
		765992BF2830E3B300F78570 /* model */ = {
			isa = PBXGroup;
			children = (
				765992C02830E3C900F78570 /* User.swift */,
				760FDCB0283378A100CD2CA6 /* Post.swift */,
			);
			path = model;
			sourceTree = "<group>";
		};
		D41D2FF448E99CB4C94F8443 /* Pods */ = {
			isa = PBXGroup;
			children = (
				27FE3F9E38FD0F059CFADE9F /* Pods-ios_myinsta.debug.xcconfig */,
				7F84EF4C509810E1DC038847 /* Pods-ios_myinsta.release.xcconfig */,
				7DEB38BF93C57D2E674647B4 /* Pods-ios_myinsta-ios_myinstaUITests.debug.xcconfig */,
				E2F3E121C4AD22B02950997F /* Pods-ios_myinsta-ios_myinstaUITests.release.xcconfig */,
				9B37C232B00673B55B2ED08D /* Pods-ios_myinstaTests.debug.xcconfig */,
				BE705B6301AE92DA290E9E8C /* Pods-ios_myinstaTests.release.xcconfig */,
			);
			path = Pods;
			sourceTree = "<group>";
		};
/* End PBXGroup section */

/* Begin PBXNativeTarget section */
		763547E6282A2A950007BA52 /* ios_myinsta */ = {
			isa = PBXNativeTarget;
			buildConfigurationList = 76354810282A2A960007BA52 /* Build configuration list for PBXNativeTarget "ios_myinsta" */;
			buildPhases = (
				7291B398009992C091639BB2 /* [CP] Check Pods Manifest.lock */,
				763547E3282A2A950007BA52 /* Sources */,
				763547E4282A2A950007BA52 /* Frameworks */,
				763547E5282A2A950007BA52 /* Resources */,
				53640C70A074D4A5B0E646FE /* [CP] Embed Pods Frameworks */,
			);
			buildRules = (
			);
			dependencies = (
			);
			name = ios_myinsta;
			productName = ios_myinsta;
			productReference = 763547E7282A2A950007BA52 /* Instagram Clone.app */;
			productType = "com.apple.product-type.application";
		};
		763547FB282A2A960007BA52 /* ios_myinstaTests */ = {
			isa = PBXNativeTarget;
			buildConfigurationList = 76354813282A2A960007BA52 /* Build configuration list for PBXNativeTarget "ios_myinstaTests" */;
			buildPhases = (
				46D760FF27A1840F600B9389 /* [CP] Check Pods Manifest.lock */,
				763547F8282A2A960007BA52 /* Sources */,
				763547F9282A2A960007BA52 /* Frameworks */,
				763547FA282A2A960007BA52 /* Resources */,
			);
			buildRules = (
			);
			dependencies = (
				763547FE282A2A960007BA52 /* PBXTargetDependency */,
			);
			name = ios_myinstaTests;
			productName = ios_myinstaTests;
			productReference = 763547FC282A2A960007BA52 /* ios_myinstaTests.xctest */;
			productType = "com.apple.product-type.bundle.unit-test";
		};
		76354805282A2A960007BA52 /* ios_myinstaUITests */ = {
			isa = PBXNativeTarget;
			buildConfigurationList = 76354816282A2A960007BA52 /* Build configuration list for PBXNativeTarget "ios_myinstaUITests" */;
			buildPhases = (
				3D7C7C1BE22C092C8E607C7E /* [CP] Check Pods Manifest.lock */,
				76354802282A2A960007BA52 /* Sources */,
				76354803282A2A960007BA52 /* Frameworks */,
				76354804282A2A960007BA52 /* Resources */,
				44973B2A56B9A685CC417DBE /* [CP] Embed Pods Frameworks */,
			);
			buildRules = (
			);
			dependencies = (
				76354808282A2A960007BA52 /* PBXTargetDependency */,
			);
			name = ios_myinstaUITests;
			productName = ios_myinstaUITests;
			productReference = 76354806282A2A960007BA52 /* ios_myinstaUITests.xctest */;
			productType = "com.apple.product-type.bundle.ui-testing";
		};
/* End PBXNativeTarget section */

/* Begin PBXProject section */
		763547DF282A2A950007BA52 /* Project object */ = {
			isa = PBXProject;
			attributes = {
				BuildIndependentTargetsInParallel = 1;
				LastSwiftUpdateCheck = 1330;
				LastUpgradeCheck = 1330;
				TargetAttributes = {
					763547E6282A2A950007BA52 = {
						CreatedOnToolsVersion = 13.3.1;
					};
					763547FB282A2A960007BA52 = {
						CreatedOnToolsVersion = 13.3.1;
						TestTargetID = 763547E6282A2A950007BA52;
					};
					76354805282A2A960007BA52 = {
						CreatedOnToolsVersion = 13.3.1;
						TestTargetID = 763547E6282A2A950007BA52;
					};
				};
			};
			buildConfigurationList = 763547E2282A2A950007BA52 /* Build configuration list for PBXProject "ios_myinsta" */;
			compatibilityVersion = "Xcode 13.0";
			developmentRegion = en;
			hasScannedForEncodings = 0;
			knownRegions = (
				en,
				Base,
				ru,
			);
			mainGroup = 763547DE282A2A950007BA52;
			productRefGroup = 763547E8282A2A950007BA52 /* Products */;
			projectDirPath = "";
			projectRoot = "";
			targets = (
				763547E6282A2A950007BA52 /* ios_myinsta */,
				763547FB282A2A960007BA52 /* ios_myinstaTests */,
				76354805282A2A960007BA52 /* ios_myinstaUITests */,
			);
		};
/* End PBXProject section */

/* Begin PBXResourcesBuildPhase section */
		763547E5282A2A950007BA52 /* Resources */ = {
			isa = PBXResourcesBuildPhase;
			buildActionMask = 2147483647;
			files = (
				761B00FC283BE77B00532A38 /* GoogleService-Info.plist in Resources */,
				763547F2282A2A960007BA52 /* Preview Assets.xcassets in Resources */,
				76792EF6282D28DA0070FD6E /* Localizable.strings in Resources */,
				763547EF282A2A960007BA52 /* Assets.xcassets in Resources */,
				76792EFB282D29590070FD6E /* Billabong.ttf in Resources */,
			);
			runOnlyForDeploymentPostprocessing = 0;
		};
		763547FA282A2A960007BA52 /* Resources */ = {
			isa = PBXResourcesBuildPhase;
			buildActionMask = 2147483647;
			files = (
			);
			runOnlyForDeploymentPostprocessing = 0;
		};
		76354804282A2A960007BA52 /* Resources */ = {
			isa = PBXResourcesBuildPhase;
			buildActionMask = 2147483647;
			files = (
			);
			runOnlyForDeploymentPostprocessing = 0;
		};
/* End PBXResourcesBuildPhase section */

/* Begin PBXShellScriptBuildPhase section */
		3D7C7C1BE22C092C8E607C7E /* [CP] Check Pods Manifest.lock */ = {
			isa = PBXShellScriptBuildPhase;
			buildActionMask = 2147483647;
			files = (
			);
			inputFileListPaths = (
			);
			inputPaths = (
				"${PODS_PODFILE_DIR_PATH}/Podfile.lock",
				"${PODS_ROOT}/Manifest.lock",
			);
			name = "[CP] Check Pods Manifest.lock";
			outputFileListPaths = (
			);
			outputPaths = (
				"$(DERIVED_FILE_DIR)/Pods-ios_myinsta-ios_myinstaUITests-checkManifestLockResult.txt",
			);
			runOnlyForDeploymentPostprocessing = 0;
			shellPath = /bin/sh;
			shellScript = "diff \"${PODS_PODFILE_DIR_PATH}/Podfile.lock\" \"${PODS_ROOT}/Manifest.lock\" > /dev/null\nif [ $? != 0 ] ; then\n    # print error to STDERR\n    echo \"error: The sandbox is not in sync with the Podfile.lock. Run 'pod install' or update your CocoaPods installation.\" >&2\n    exit 1\nfi\n# This output is used by Xcode 'outputs' to avoid re-running this script phase.\necho \"SUCCESS\" > \"${SCRIPT_OUTPUT_FILE_0}\"\n";
			showEnvVarsInLog = 0;
		};
		44973B2A56B9A685CC417DBE /* [CP] Embed Pods Frameworks */ = {
			isa = PBXShellScriptBuildPhase;
			buildActionMask = 2147483647;
			files = (
			);
			inputFileListPaths = (
				"${PODS_ROOT}/Target Support Files/Pods-ios_myinsta-ios_myinstaUITests/Pods-ios_myinsta-ios_myinstaUITests-frameworks-${CONFIGURATION}-input-files.xcfilelist",
			);
			name = "[CP] Embed Pods Frameworks";
			outputFileListPaths = (
				"${PODS_ROOT}/Target Support Files/Pods-ios_myinsta-ios_myinstaUITests/Pods-ios_myinsta-ios_myinstaUITests-frameworks-${CONFIGURATION}-output-files.xcfilelist",
			);
			runOnlyForDeploymentPostprocessing = 0;
			shellPath = /bin/sh;
			shellScript = "\"${PODS_ROOT}/Target Support Files/Pods-ios_myinsta-ios_myinstaUITests/Pods-ios_myinsta-ios_myinstaUITests-frameworks.sh\"\n";
			showEnvVarsInLog = 0;
		};
		46D760FF27A1840F600B9389 /* [CP] Check Pods Manifest.lock */ = {
			isa = PBXShellScriptBuildPhase;
			buildActionMask = 2147483647;
			files = (
			);
			inputFileListPaths = (
			);
			inputPaths = (
				"${PODS_PODFILE_DIR_PATH}/Podfile.lock",
				"${PODS_ROOT}/Manifest.lock",
			);
			name = "[CP] Check Pods Manifest.lock";
			outputFileListPaths = (
			);
			outputPaths = (
				"$(DERIVED_FILE_DIR)/Pods-ios_myinstaTests-checkManifestLockResult.txt",
			);
			runOnlyForDeploymentPostprocessing = 0;
			shellPath = /bin/sh;
			shellScript = "diff \"${PODS_PODFILE_DIR_PATH}/Podfile.lock\" \"${PODS_ROOT}/Manifest.lock\" > /dev/null\nif [ $? != 0 ] ; then\n    # print error to STDERR\n    echo \"error: The sandbox is not in sync with the Podfile.lock. Run 'pod install' or update your CocoaPods installation.\" >&2\n    exit 1\nfi\n# This output is used by Xcode 'outputs' to avoid re-running this script phase.\necho \"SUCCESS\" > \"${SCRIPT_OUTPUT_FILE_0}\"\n";
			showEnvVarsInLog = 0;
		};
		53640C70A074D4A5B0E646FE /* [CP] Embed Pods Frameworks */ = {
			isa = PBXShellScriptBuildPhase;
			buildActionMask = 2147483647;
			files = (
			);
			inputFileListPaths = (
				"${PODS_ROOT}/Target Support Files/Pods-ios_myinsta/Pods-ios_myinsta-frameworks-${CONFIGURATION}-input-files.xcfilelist",
			);
			name = "[CP] Embed Pods Frameworks";
			outputFileListPaths = (
				"${PODS_ROOT}/Target Support Files/Pods-ios_myinsta/Pods-ios_myinsta-frameworks-${CONFIGURATION}-output-files.xcfilelist",
			);
			runOnlyForDeploymentPostprocessing = 0;
			shellPath = /bin/sh;
			shellScript = "\"${PODS_ROOT}/Target Support Files/Pods-ios_myinsta/Pods-ios_myinsta-frameworks.sh\"\n";
			showEnvVarsInLog = 0;
		};
		7291B398009992C091639BB2 /* [CP] Check Pods Manifest.lock */ = {
			isa = PBXShellScriptBuildPhase;
			buildActionMask = 2147483647;
			files = (
			);
			inputFileListPaths = (
			);
			inputPaths = (
				"${PODS_PODFILE_DIR_PATH}/Podfile.lock",
				"${PODS_ROOT}/Manifest.lock",
			);
			name = "[CP] Check Pods Manifest.lock";
			outputFileListPaths = (
			);
			outputPaths = (
				"$(DERIVED_FILE_DIR)/Pods-ios_myinsta-checkManifestLockResult.txt",
			);
			runOnlyForDeploymentPostprocessing = 0;
			shellPath = /bin/sh;
			shellScript = "diff \"${PODS_PODFILE_DIR_PATH}/Podfile.lock\" \"${PODS_ROOT}/Manifest.lock\" > /dev/null\nif [ $? != 0 ] ; then\n    # print error to STDERR\n    echo \"error: The sandbox is not in sync with the Podfile.lock. Run 'pod install' or update your CocoaPods installation.\" >&2\n    exit 1\nfi\n# This output is used by Xcode 'outputs' to avoid re-running this script phase.\necho \"SUCCESS\" > \"${SCRIPT_OUTPUT_FILE_0}\"\n";
			showEnvVarsInLog = 0;
		};
/* End PBXShellScriptBuildPhase section */

/* Begin PBXSourcesBuildPhase section */
		763547E3282A2A950007BA52 /* Sources */ = {
			isa = PBXSourcesBuildPhase;
			buildActionMask = 2147483647;
			files = (
				765992C32830F9E200F78570 /* Coordinator.swift in Sources */,
				765992B72830DDB500F78570 /* HomeUploadScreen.swift in Sources */,
				7688B98B2870C29F008416DA /* DatabaseStore.swift in Sources */,
				765992B52830DDA400F78570 /* HomeSearchScreen.swift in Sources */,
				763547F4282A2A960007BA52 /* Persistence.swift in Sources */,
				763207E22869E49A0077BDCF /* SignInViewModel.swift in Sources */,
				7635481F282A2AFE0007BA52 /* SignInScreen.swift in Sources */,
				7694D882286C9BA700C1D77B /* Validation.swift in Sources */,
				76816BAC28397E2D00F18A65 /* MyPostCell.swift in Sources */,
				76354823282A2B1B0007BA52 /* StarterScreen.swift in Sources */,
				76FC0AF728397ACF00C5AA2D /* ProfileViewModel.swift in Sources */,
				7688B98D2870D4C5008416DA /* StorageStore.swift in Sources */,
				765992B92830DDC500F78570 /* HomeLikesScreen.swift in Sources */,
				76FC0AF32838D02700C5AA2D /* SeachViewModel.swift in Sources */,
				765992BB2830DDD500F78570 /* HomeProfileScreen.swift in Sources */,
				760FDCAF283377F300CD2CA6 /* FeedViewModel.swift in Sources */,
				763207E42869E7CB0077BDCF /* SignUpViewModel.swift in Sources */,
				763547EB282A2A950007BA52 /* ios_myinstaApp.swift in Sources */,
				76FC0AF52838D51C00C5AA2D /* UserCell.swift in Sources */,
				765992C12830E3C900F78570 /* User.swift in Sources */,
				760FDCB62833846F00CD2CA6 /* LikesViewModel.swift in Sources */,
				765992BE2830E31400F78570 /* SessionStore.swift in Sources */,
				765992B12830DD8300F78570 /* HomeScreen.swift in Sources */,
				763547F7282A2A960007BA52 /* ios_myinsta.xcdatamodeld in Sources */,
				7635481C282A2AC80007BA52 /* Utils.swift in Sources */,
				76354821282A2B0C0007BA52 /* SignUpScreen.swift in Sources */,
				760FDCB1283378A100CD2CA6 /* Post.swift in Sources */,
				765992B32830DD9600F78570 /* HomeFeedScreen.swift in Sources */,
				765992C52830F9F600F78570 /* ImagePickerView.swift in Sources */,
				760FDCB428337AA300CD2CA6 /* PostCell.swift in Sources */,
			);
			runOnlyForDeploymentPostprocessing = 0;
		};
		763547F8282A2A960007BA52 /* Sources */ = {
			isa = PBXSourcesBuildPhase;
			buildActionMask = 2147483647;
			files = (
				76354801282A2A960007BA52 /* ios_myinstaTests.swift in Sources */,
			);
			runOnlyForDeploymentPostprocessing = 0;
		};
		76354802282A2A960007BA52 /* Sources */ = {
			isa = PBXSourcesBuildPhase;
			buildActionMask = 2147483647;
			files = (
				7635480D282A2A960007BA52 /* ios_myinstaUITestsLaunchTests.swift in Sources */,
				7635480B282A2A960007BA52 /* ios_myinstaUITests.swift in Sources */,
			);
			runOnlyForDeploymentPostprocessing = 0;
		};
/* End PBXSourcesBuildPhase section */

/* Begin PBXTargetDependency section */
		763547FE282A2A960007BA52 /* PBXTargetDependency */ = {
			isa = PBXTargetDependency;
			target = 763547E6282A2A950007BA52 /* ios_myinsta */;
			targetProxy = 763547FD282A2A960007BA52 /* PBXContainerItemProxy */;
		};
		76354808282A2A960007BA52 /* PBXTargetDependency */ = {
			isa = PBXTargetDependency;
			target = 763547E6282A2A950007BA52 /* ios_myinsta */;
			targetProxy = 76354807282A2A960007BA52 /* PBXContainerItemProxy */;
		};
/* End PBXTargetDependency section */

/* Begin PBXVariantGroup section */
		76792EF8282D28DA0070FD6E /* Localizable.strings */ = {
			isa = PBXVariantGroup;
			children = (
				76792EF9282D28DC0070FD6E /* ru */,
				766DDC35283371BB001A4681 /* en */,
			);
			name = Localizable.strings;
			sourceTree = "<group>";
		};
/* End PBXVariantGroup section */

/* Begin XCBuildConfiguration section */
		7635480E282A2A960007BA52 /* Debug */ = {
			isa = XCBuildConfiguration;
			buildSettings = {
				ALWAYS_SEARCH_USER_PATHS = NO;
				CLANG_ANALYZER_LOCALIZABILITY_NONLOCALIZED = YES;
				CLANG_ANALYZER_NONNULL = YES;
				CLANG_ANALYZER_NUMBER_OBJECT_CONVERSION = YES_AGGRESSIVE;
				CLANG_CXX_LANGUAGE_STANDARD = "gnu++17";
				CLANG_ENABLE_MODULES = YES;
				CLANG_ENABLE_OBJC_ARC = YES;
				CLANG_ENABLE_OBJC_WEAK = YES;
				CLANG_WARN_BLOCK_CAPTURE_AUTORELEASING = YES;
				CLANG_WARN_BOOL_CONVERSION = YES;
				CLANG_WARN_COMMA = YES;
				CLANG_WARN_CONSTANT_CONVERSION = YES;
				CLANG_WARN_DEPRECATED_OBJC_IMPLEMENTATIONS = YES;
				CLANG_WARN_DIRECT_OBJC_ISA_USAGE = YES_ERROR;
				CLANG_WARN_DOCUMENTATION_COMMENTS = YES;
				CLANG_WARN_EMPTY_BODY = YES;
				CLANG_WARN_ENUM_CONVERSION = YES;
				CLANG_WARN_INFINITE_RECURSION = YES;
				CLANG_WARN_INT_CONVERSION = YES;
				CLANG_WARN_NON_LITERAL_NULL_CONVERSION = YES;
				CLANG_WARN_OBJC_IMPLICIT_RETAIN_SELF = YES;
				CLANG_WARN_OBJC_LITERAL_CONVERSION = YES;
				CLANG_WARN_OBJC_ROOT_CLASS = YES_ERROR;
				CLANG_WARN_QUOTED_INCLUDE_IN_FRAMEWORK_HEADER = YES;
				CLANG_WARN_RANGE_LOOP_ANALYSIS = YES;
				CLANG_WARN_STRICT_PROTOTYPES = YES;
				CLANG_WARN_SUSPICIOUS_MOVE = YES;
				CLANG_WARN_UNGUARDED_AVAILABILITY = YES_AGGRESSIVE;
				CLANG_WARN_UNREACHABLE_CODE = YES;
				CLANG_WARN__DUPLICATE_METHOD_MATCH = YES;
				COPY_PHASE_STRIP = NO;
				DEBUG_INFORMATION_FORMAT = dwarf;
				ENABLE_STRICT_OBJC_MSGSEND = YES;
				ENABLE_TESTABILITY = YES;
				GCC_C_LANGUAGE_STANDARD = gnu11;
				GCC_DYNAMIC_NO_PIC = NO;
				GCC_NO_COMMON_BLOCKS = YES;
				GCC_OPTIMIZATION_LEVEL = 0;
				GCC_PREPROCESSOR_DEFINITIONS = (
					"DEBUG=1",
					"$(inherited)",
				);
				GCC_WARN_64_TO_32_BIT_CONVERSION = YES;
				GCC_WARN_ABOUT_RETURN_TYPE = YES_ERROR;
				GCC_WARN_UNDECLARED_SELECTOR = YES;
				GCC_WARN_UNINITIALIZED_AUTOS = YES_AGGRESSIVE;
				GCC_WARN_UNUSED_FUNCTION = YES;
				GCC_WARN_UNUSED_VARIABLE = YES;
				IPHONEOS_DEPLOYMENT_TARGET = 15.4;
				MTL_ENABLE_DEBUG_INFO = INCLUDE_SOURCE;
				MTL_FAST_MATH = YES;
				ONLY_ACTIVE_ARCH = YES;
				SDKROOT = iphoneos;
				SWIFT_ACTIVE_COMPILATION_CONDITIONS = DEBUG;
				SWIFT_OPTIMIZATION_LEVEL = "-Onone";
			};
			name = Debug;
		};
		7635480F282A2A960007BA52 /* Release */ = {
			isa = XCBuildConfiguration;
			buildSettings = {
				ALWAYS_SEARCH_USER_PATHS = NO;
				CLANG_ANALYZER_LOCALIZABILITY_NONLOCALIZED = YES;
				CLANG_ANALYZER_NONNULL = YES;
				CLANG_ANALYZER_NUMBER_OBJECT_CONVERSION = YES_AGGRESSIVE;
				CLANG_CXX_LANGUAGE_STANDARD = "gnu++17";
				CLANG_ENABLE_MODULES = YES;
				CLANG_ENABLE_OBJC_ARC = YES;
				CLANG_ENABLE_OBJC_WEAK = YES;
				CLANG_WARN_BLOCK_CAPTURE_AUTORELEASING = YES;
				CLANG_WARN_BOOL_CONVERSION = YES;
				CLANG_WARN_COMMA = YES;
				CLANG_WARN_CONSTANT_CONVERSION = YES;
				CLANG_WARN_DEPRECATED_OBJC_IMPLEMENTATIONS = YES;
				CLANG_WARN_DIRECT_OBJC_ISA_USAGE = YES_ERROR;
				CLANG_WARN_DOCUMENTATION_COMMENTS = YES;
				CLANG_WARN_EMPTY_BODY = YES;
				CLANG_WARN_ENUM_CONVERSION = YES;
				CLANG_WARN_INFINITE_RECURSION = YES;
				CLANG_WARN_INT_CONVERSION = YES;
				CLANG_WARN_NON_LITERAL_NULL_CONVERSION = YES;
				CLANG_WARN_OBJC_IMPLICIT_RETAIN_SELF = YES;
				CLANG_WARN_OBJC_LITERAL_CONVERSION = YES;
				CLANG_WARN_OBJC_ROOT_CLASS = YES_ERROR;
				CLANG_WARN_QUOTED_INCLUDE_IN_FRAMEWORK_HEADER = YES;
				CLANG_WARN_RANGE_LOOP_ANALYSIS = YES;
				CLANG_WARN_STRICT_PROTOTYPES = YES;
				CLANG_WARN_SUSPICIOUS_MOVE = YES;
				CLANG_WARN_UNGUARDED_AVAILABILITY = YES_AGGRESSIVE;
				CLANG_WARN_UNREACHABLE_CODE = YES;
				CLANG_WARN__DUPLICATE_METHOD_MATCH = YES;
				COPY_PHASE_STRIP = NO;
				DEBUG_INFORMATION_FORMAT = "dwarf-with-dsym";
				ENABLE_NS_ASSERTIONS = NO;
				ENABLE_STRICT_OBJC_MSGSEND = YES;
				GCC_C_LANGUAGE_STANDARD = gnu11;
				GCC_NO_COMMON_BLOCKS = YES;
				GCC_WARN_64_TO_32_BIT_CONVERSION = YES;
				GCC_WARN_ABOUT_RETURN_TYPE = YES_ERROR;
				GCC_WARN_UNDECLARED_SELECTOR = YES;
				GCC_WARN_UNINITIALIZED_AUTOS = YES_AGGRESSIVE;
				GCC_WARN_UNUSED_FUNCTION = YES;
				GCC_WARN_UNUSED_VARIABLE = YES;
				IPHONEOS_DEPLOYMENT_TARGET = 15.4;
				MTL_ENABLE_DEBUG_INFO = NO;
				MTL_FAST_MATH = YES;
				SDKROOT = iphoneos;
				SWIFT_COMPILATION_MODE = wholemodule;
				SWIFT_OPTIMIZATION_LEVEL = "-O";
				VALIDATE_PRODUCT = YES;
			};
			name = Release;
		};
		76354811282A2A960007BA52 /* Debug */ = {
			isa = XCBuildConfiguration;
			baseConfigurationReference = 27FE3F9E38FD0F059CFADE9F /* Pods-ios_myinsta.debug.xcconfig */;
			buildSettings = {
				ASSETCATALOG_COMPILER_APPICON_NAME = AppIcon;
				ASSETCATALOG_COMPILER_GLOBAL_ACCENT_COLOR_NAME = AccentColor;
				CODE_SIGN_IDENTITY = "Apple Development";
				CODE_SIGN_STYLE = Automatic;
				CURRENT_PROJECT_VERSION = 1;
				DEVELOPMENT_ASSET_PATHS = "\"ios_myinsta/Preview Content\"";
				DEVELOPMENT_TEAM = "";
				ENABLE_PREVIEWS = YES;
				GENERATE_INFOPLIST_FILE = YES;
				INFOPLIST_FILE = "ios-myinsta-Info.plist";
				INFOPLIST_KEY_UIApplicationSceneManifest_Generation = YES;
				INFOPLIST_KEY_UIApplicationSupportsIndirectInputEvents = YES;
				INFOPLIST_KEY_UILaunchScreen_Generation = YES;
				INFOPLIST_KEY_UISupportedInterfaceOrientations_iPad = "UIInterfaceOrientationPortrait UIInterfaceOrientationPortraitUpsideDown UIInterfaceOrientationLandscapeLeft UIInterfaceOrientationLandscapeRight";
				INFOPLIST_KEY_UISupportedInterfaceOrientations_iPhone = "UIInterfaceOrientationPortrait UIInterfaceOrientationLandscapeLeft UIInterfaceOrientationLandscapeRight";
				LD_RUNPATH_SEARCH_PATHS = (
					"$(inherited)",
					"@executable_path/Frameworks",
				);
				MARKETING_VERSION = 1.0;
				PRODUCT_BUNDLE_IDENTIFIER = "cpp.ios-myinsta";
				PRODUCT_NAME = "Instagram Clone";
				PROVISIONING_PROFILE_SPECIFIER = "";
				SWIFT_EMIT_LOC_STRINGS = YES;
				SWIFT_VERSION = 5.0;
				TARGETED_DEVICE_FAMILY = "1,2";
			};
			name = Debug;
		};
		76354812282A2A960007BA52 /* Release */ = {
			isa = XCBuildConfiguration;
			baseConfigurationReference = 7F84EF4C509810E1DC038847 /* Pods-ios_myinsta.release.xcconfig */;
			buildSettings = {
				ASSETCATALOG_COMPILER_APPICON_NAME = AppIcon;
				ASSETCATALOG_COMPILER_GLOBAL_ACCENT_COLOR_NAME = AccentColor;
				CODE_SIGN_IDENTITY = "Apple Development";
				CODE_SIGN_STYLE = Automatic;
				CURRENT_PROJECT_VERSION = 1;
				DEVELOPMENT_ASSET_PATHS = "\"ios_myinsta/Preview Content\"";
				DEVELOPMENT_TEAM = "";
				ENABLE_PREVIEWS = YES;
				GENERATE_INFOPLIST_FILE = YES;
				INFOPLIST_FILE = "ios-myinsta-Info.plist";
				INFOPLIST_KEY_UIApplicationSceneManifest_Generation = YES;
				INFOPLIST_KEY_UIApplicationSupportsIndirectInputEvents = YES;
				INFOPLIST_KEY_UILaunchScreen_Generation = YES;
				INFOPLIST_KEY_UISupportedInterfaceOrientations_iPad = "UIInterfaceOrientationPortrait UIInterfaceOrientationPortraitUpsideDown UIInterfaceOrientationLandscapeLeft UIInterfaceOrientationLandscapeRight";
				INFOPLIST_KEY_UISupportedInterfaceOrientations_iPhone = "UIInterfaceOrientationPortrait UIInterfaceOrientationLandscapeLeft UIInterfaceOrientationLandscapeRight";
				LD_RUNPATH_SEARCH_PATHS = (
					"$(inherited)",
					"@executable_path/Frameworks",
				);
				MARKETING_VERSION = 1.0;
				PRODUCT_BUNDLE_IDENTIFIER = "cpp.ios-myinsta";
				PRODUCT_NAME = "Instagram Clone";
				PROVISIONING_PROFILE_SPECIFIER = "";
				SWIFT_EMIT_LOC_STRINGS = YES;
				SWIFT_VERSION = 5.0;
				TARGETED_DEVICE_FAMILY = "1,2";
			};
			name = Release;
		};
		76354814282A2A960007BA52 /* Debug */ = {
			isa = XCBuildConfiguration;
			baseConfigurationReference = 9B37C232B00673B55B2ED08D /* Pods-ios_myinstaTests.debug.xcconfig */;
			buildSettings = {
				ALWAYS_EMBED_SWIFT_STANDARD_LIBRARIES = YES;
				BUNDLE_LOADER = "$(TEST_HOST)";
				CODE_SIGN_STYLE = Automatic;
				CURRENT_PROJECT_VERSION = 1;
				GENERATE_INFOPLIST_FILE = YES;
				IPHONEOS_DEPLOYMENT_TARGET = 15.4;
				MARKETING_VERSION = 1.0;
				PRODUCT_BUNDLE_IDENTIFIER = "cpp.ios-myinstaTests";
				PRODUCT_NAME = "$(TARGET_NAME)";
				SWIFT_EMIT_LOC_STRINGS = NO;
				SWIFT_VERSION = 5.0;
				TARGETED_DEVICE_FAMILY = "1,2";
				TEST_HOST = "$(BUILT_PRODUCTS_DIR)/ios_myinsta.app/ios_myinsta";
			};
			name = Debug;
		};
		76354815282A2A960007BA52 /* Release */ = {
			isa = XCBuildConfiguration;
			baseConfigurationReference = BE705B6301AE92DA290E9E8C /* Pods-ios_myinstaTests.release.xcconfig */;
			buildSettings = {
				ALWAYS_EMBED_SWIFT_STANDARD_LIBRARIES = YES;
				BUNDLE_LOADER = "$(TEST_HOST)";
				CODE_SIGN_STYLE = Automatic;
				CURRENT_PROJECT_VERSION = 1;
				GENERATE_INFOPLIST_FILE = YES;
				IPHONEOS_DEPLOYMENT_TARGET = 15.4;
				MARKETING_VERSION = 1.0;
				PRODUCT_BUNDLE_IDENTIFIER = "cpp.ios-myinstaTests";
				PRODUCT_NAME = "$(TARGET_NAME)";
				SWIFT_EMIT_LOC_STRINGS = NO;
				SWIFT_VERSION = 5.0;
				TARGETED_DEVICE_FAMILY = "1,2";
				TEST_HOST = "$(BUILT_PRODUCTS_DIR)/ios_myinsta.app/ios_myinsta";
			};
			name = Release;
		};
		76354817282A2A960007BA52 /* Debug */ = {
			isa = XCBuildConfiguration;
			baseConfigurationReference = 7DEB38BF93C57D2E674647B4 /* Pods-ios_myinsta-ios_myinstaUITests.debug.xcconfig */;
			buildSettings = {
				ALWAYS_EMBED_SWIFT_STANDARD_LIBRARIES = YES;
				CODE_SIGN_STYLE = Automatic;
				CURRENT_PROJECT_VERSION = 1;
				GENERATE_INFOPLIST_FILE = YES;
				MARKETING_VERSION = 1.0;
				PRODUCT_BUNDLE_IDENTIFIER = "cpp.ios-myinstaUITests";
				PRODUCT_NAME = "$(TARGET_NAME)";
				SWIFT_EMIT_LOC_STRINGS = NO;
				SWIFT_VERSION = 5.0;
				TARGETED_DEVICE_FAMILY = "1,2";
				TEST_TARGET_NAME = ios_myinsta;
			};
			name = Debug;
		};
		76354818282A2A960007BA52 /* Release */ = {
			isa = XCBuildConfiguration;
			baseConfigurationReference = E2F3E121C4AD22B02950997F /* Pods-ios_myinsta-ios_myinstaUITests.release.xcconfig */;
			buildSettings = {
				ALWAYS_EMBED_SWIFT_STANDARD_LIBRARIES = YES;
				CODE_SIGN_STYLE = Automatic;
				CURRENT_PROJECT_VERSION = 1;
				GENERATE_INFOPLIST_FILE = YES;
				MARKETING_VERSION = 1.0;
				PRODUCT_BUNDLE_IDENTIFIER = "cpp.ios-myinstaUITests";
				PRODUCT_NAME = "$(TARGET_NAME)";
				SWIFT_EMIT_LOC_STRINGS = NO;
				SWIFT_VERSION = 5.0;
				TARGETED_DEVICE_FAMILY = "1,2";
				TEST_TARGET_NAME = ios_myinsta;
			};
			name = Release;
		};
/* End XCBuildConfiguration section */

/* Begin XCConfigurationList section */
		763547E2282A2A950007BA52 /* Build configuration list for PBXProject "ios_myinsta" */ = {
			isa = XCConfigurationList;
			buildConfigurations = (
				7635480E282A2A960007BA52 /* Debug */,
				7635480F282A2A960007BA52 /* Release */,
			);
			defaultConfigurationIsVisible = 0;
			defaultConfigurationName = Release;
		};
		76354810282A2A960007BA52 /* Build configuration list for PBXNativeTarget "ios_myinsta" */ = {
			isa = XCConfigurationList;
			buildConfigurations = (
				76354811282A2A960007BA52 /* Debug */,
				76354812282A2A960007BA52 /* Release */,
			);
			defaultConfigurationIsVisible = 0;
			defaultConfigurationName = Release;
		};
		76354813282A2A960007BA52 /* Build configuration list for PBXNativeTarget "ios_myinstaTests" */ = {
			isa = XCConfigurationList;
			buildConfigurations = (
				76354814282A2A960007BA52 /* Debug */,
				76354815282A2A960007BA52 /* Release */,
			);
			defaultConfigurationIsVisible = 0;
			defaultConfigurationName = Release;
		};
		76354816282A2A960007BA52 /* Build configuration list for PBXNativeTarget "ios_myinstaUITests" */ = {
			isa = XCConfigurationList;
			buildConfigurations = (
				76354817282A2A960007BA52 /* Debug */,
				76354818282A2A960007BA52 /* Release */,
			);
			defaultConfigurationIsVisible = 0;
			defaultConfigurationName = Release;
		};
/* End XCConfigurationList section */

/* Begin XCVersionGroup section */
		763547F5282A2A960007BA52 /* ios_myinsta.xcdatamodeld */ = {
			isa = XCVersionGroup;
			children = (
				763547F6282A2A960007BA52 /* ios_myinsta.xcdatamodel */,
			);
			currentVersion = 763547F6282A2A960007BA52 /* ios_myinsta.xcdatamodel */;
			path = ios_myinsta.xcdatamodeld;
			sourceTree = "<group>";
			versionGroupType = wrapper.xcdatamodel;
		};
/* End XCVersionGroup section */
	};
	rootObject = 763547DF282A2A950007BA52 /* Project object */;
}
